assetic v1.0.2
doctrine-common 38c854c37d20b1f67c979772089b2cd30908bcb6
doctrine-dbal 60346341046def1a6706870f6271dd65fc835272
doctrine c1dae35a24036e320f19d1dfd2d9ae8fd9d81598
doctrine-migrations 9e81984b0f126b0830d9ac6acc2d1da81aba2b94
doctrine-data-fixtures 8cf2507e458b8116e8f22f391d05935a585a8700
doctrine-extensions e34b0215584c125a5336b331231dbc0fe170d676
imagine v0.2.8
metadata 1.0.0
monolog 1.0.2
symfony fa1c9461404f8ccccd6f4371066da9a5b4a6ca15
swiftmailer v4.1.2
twig aa3c0d84577f2259e76129bdda3cf236a4c75c57
twig-extensions a05ab5ed18a51ae45f3dcc2d0c4ec9b3a6386987
zf 79d57b89d38161ed7a32255ec45eb5720e361cb1
AsseticBundle v1.0.1
DoctrineBundle d6c923eec875d3bd622c7037b3ff879f4fdafdc8
DoctrineFixturesBundle 0219a60dd1c1e5b972f8a6836d5694eefd0f27c4
DoctrineMigrationsBundle v1.0.0-beta1
DoctrineExtensionsBundle 18576d358e0a4c5fa71386b7d56c3066a0ff126d
FunctionalTestBundle 549f5c74193ca68a520566e75c54f1a925f2dd0c
KnpMenuBundle legacy
PaginatorBundle v1.0
SensioDistributionBundle 20b66a408084ad8752f98e50f10533f5245310bf
SensioFrameworkExtraBundle 55de01d34c5b95ee07bd511d06e0b171af5fe9ba
SensioGeneratorBundle 67bf607b41f930f93f2032d069be535ecaa21730
ZendCacheBundle 5a124bfe26938538442c34d10ab181372e9625a9