assetic f829ad23d23c87480151a21faad49fefe7c09e5d
doctrine 144d0de0ab61dffc738d7fb590cff8d77919f553
doctrine-common b385ca770888248241bd3086a40d5b3bd082a706
doctrine-dbal e0b69790ab1ffd646fd70a04fdb91e5dfbb3ccf1
doctrine-migrations f87afe9223dbfecaaddb5927eae61392b11b58cd
doctrine-data-fixtures 76f8221609129651937f52553f3e1b2bd915fd3e
doctrine-extensions 26299d6dd0a56199cb0271a8ea914675e98e12cc
imagine 05fc0f5222b116daf653d70285c1d077db2e22e2
metadata 8717ad2a5689480765d9ffafe925cd8a2457e582
monolog 433b98d4218c181bae01865901aac045585e8a1a
symfony 1f2e72d84aa9a4829185d6b2a0b814f6b933b30a
swiftmailer 8c3165691e36302405926abbae7526549db8b899
twig 396435ecd05556adb0a8bd05b14641cb4f8a8aa5
twig-extensions eba4f5d572bec05c72a47bbd73ba0a3330cf8f54
zf2 e76d9577565a15b009d3fad4d39298f07fd71436
AsseticBundle 41b5913b5086a0909af92adcb4a6005ee0051b16
DoctrineFixturesBundle a66be2f077f3a4e5c3801b356b42b8782f1abbd6
DoctrineMigrationsBundle dd9a336c574301b0b6a7e82a0865cab3d4d95503
DoctrineExtensionsBundle 5dd2ea308aa23d934b6c50551853fc3d81bffae9
FunctionalTestBundle 7ccbdc9e038227ff3bbf97fe5bc8861bbb56f6f8
KnpMenuBundle e5d9c865ea7375abd6dbd251d47fc016597053ac
PaginatorBundle bc53101d8a3e52d799e0fb04de9e44d6f5ac2599
SensioDistributionBundle 2082cb99d408fd89243059c6eff866347ec00bbe
SensioFrameworkExtraBundle 9b9194a47effc66b08d44ae110b982352119ca17
SensioGeneratorBundle 88ecf05691825c81b6a19ca6e2dc1849f1a5dcd4
ZendCacheBundle 331de1096d3df845ca75d7eac17392fe581fc946